// !$*UTF8*$!
{
	archiveVersion = 1;
	classes = {
	};
	objectVersion = 50;
	objects = {

/* Begin PBXBuildFile section */
		BE0BDFEF2655F91C008A5901 /* VideoFilters.swift in Sources */ = {isa = PBXBuildFile; fileRef = BE0BDFEE2655F91C008A5901 /* VideoFilters.swift */; };
		BE416F6726544BCC00A68EE8 /* AppDelegate.swift in Sources */ = {isa = PBXBuildFile; fileRef = BE416F6626544BCC00A68EE8 /* AppDelegate.swift */; };
		BE416F6926544BD000A68EE8 /* Assets.xcassets in Resources */ = {isa = PBXBuildFile; fileRef = BE416F6826544BD000A68EE8 /* Assets.xcassets */; };
		BE416F6C26544BD000A68EE8 /* MainMenu.xib in Resources */ = {isa = PBXBuildFile; fileRef = BE416F6A26544BD000A68EE8 /* MainMenu.xib */; };
		BEF9D4FB26545C8B00C650BF /* CameraController.swift in Sources */ = {isa = PBXBuildFile; fileRef = BEF9D4FA26545C8B00C650BF /* CameraController.swift */; };
/* End PBXBuildFile section */

/* Begin PBXFileReference section */
		BE0BDFEE2655F91C008A5901 /* VideoFilters.swift */ = {isa = PBXFileReference; lastKnownFileType = sourcecode.swift; path = VideoFilters.swift; sourceTree = "<group>"; };
		BE416F6326544BCC00A68EE8 /* Eyes Wide Open.app */ = {isa = PBXFileReference; explicitFileType = wrapper.application; includeInIndex = 0; path = "Eyes Wide Open.app"; sourceTree = BUILT_PRODUCTS_DIR; };
		BE416F6626544BCC00A68EE8 /* AppDelegate.swift */ = {isa = PBXFileReference; lastKnownFileType = sourcecode.swift; path = AppDelegate.swift; sourceTree = "<group>"; };
		BE416F6826544BD000A68EE8 /* Assets.xcassets */ = {isa = PBXFileReference; lastKnownFileType = folder.assetcatalog; path = Assets.xcassets; sourceTree = "<group>"; };
		BE416F6B26544BD000A68EE8 /* Base */ = {isa = PBXFileReference; lastKnownFileType = file.xib; name = Base; path = Base.lproj/MainMenu.xib; sourceTree = "<group>"; };
		BE416F6D26544BD000A68EE8 /* Info.plist */ = {isa = PBXFileReference; lastKnownFileType = text.plist.xml; path = Info.plist; sourceTree = "<group>"; };
		BE416F6E26544BD000A68EE8 /* Eyes_Wide_Open.entitlements */ = {isa = PBXFileReference; lastKnownFileType = text.plist.entitlements; path = Eyes_Wide_Open.entitlements; sourceTree = "<group>"; };
		BEF9D4FA26545C8B00C650BF /* CameraController.swift */ = {isa = PBXFileReference; lastKnownFileType = sourcecode.swift; path = CameraController.swift; sourceTree = "<group>"; };
/* End PBXFileReference section */

/* Begin PBXFrameworksBuildPhase section */
		BE416F6026544BCC00A68EE8 /* Frameworks */ = {
			isa = PBXFrameworksBuildPhase;
			buildActionMask = 2147483647;
			files = (
			);
			runOnlyForDeploymentPostprocessing = 0;
		};
/* End PBXFrameworksBuildPhase section */

/* Begin PBXGroup section */
		BE416F5A26544BCC00A68EE8 = {
			isa = PBXGroup;
			children = (
				BE416F6526544BCC00A68EE8 /* Eyes Wide Open */,
				BE416F6426544BCC00A68EE8 /* Products */,
			);
			sourceTree = "<group>";
		};
		BE416F6426544BCC00A68EE8 /* Products */ = {
			isa = PBXGroup;
			children = (
				BE416F6326544BCC00A68EE8 /* Eyes Wide Open.app */,
			);
			name = Products;
			sourceTree = "<group>";
		};
		BE416F6526544BCC00A68EE8 /* Eyes Wide Open */ = {
			isa = PBXGroup;
			children = (
				BEF9D4F4265452BF00C650BF /* Custom Views */,
				BE416F6626544BCC00A68EE8 /* AppDelegate.swift */,
				BE416F6826544BD000A68EE8 /* Assets.xcassets */,
				BE416F6A26544BD000A68EE8 /* MainMenu.xib */,
				BE416F6D26544BD000A68EE8 /* Info.plist */,
				BE416F6E26544BD000A68EE8 /* Eyes_Wide_Open.entitlements */,
				BE0BDFEE2655F91C008A5901 /* VideoFilters.swift */,
			);
			path = "Eyes Wide Open";
			sourceTree = "<group>";
		};
		BEF9D4F4265452BF00C650BF /* Custom Views */ = {
			isa = PBXGroup;
			children = (
				BEF9D4FA26545C8B00C650BF /* CameraController.swift */,
			);
			path = "Custom Views";
			sourceTree = "<group>";
		};
/* End PBXGroup section */

/* Begin PBXNativeTarget section */
		BE416F6226544BCC00A68EE8 /* Eyes Wide Open */ = {
			isa = PBXNativeTarget;
			buildConfigurationList = BE416F7126544BD000A68EE8 /* Build configuration list for PBXNativeTarget "Eyes Wide Open" */;
			buildPhases = (
				BE416F5F26544BCC00A68EE8 /* Sources */,
				BE416F6026544BCC00A68EE8 /* Frameworks */,
				BE416F6126544BCC00A68EE8 /* Resources */,
			);
			buildRules = (
			);
			dependencies = (
			);
			name = "Eyes Wide Open";
			productName = "Eyes Wide Open";
			productReference = BE416F6326544BCC00A68EE8 /* Eyes Wide Open.app */;
			productType = "com.apple.product-type.application";
		};
/* End PBXNativeTarget section */

/* Begin PBXProject section */
		BE416F5B26544BCC00A68EE8 /* Project object */ = {
			isa = PBXProject;
			attributes = {
				LastSwiftUpdateCheck = 1240;
				LastUpgradeCheck = 1240;
				TargetAttributes = {
					BE416F6226544BCC00A68EE8 = {
						CreatedOnToolsVersion = 12.4;
					};
				};
			};
			buildConfigurationList = BE416F5E26544BCC00A68EE8 /* Build configuration list for PBXProject "Eyes Wide Open" */;
			compatibilityVersion = "Xcode 9.3";
			developmentRegion = en;
			hasScannedForEncodings = 0;
			knownRegions = (
				en,
				Base,
			);
			mainGroup = BE416F5A26544BCC00A68EE8;
			productRefGroup = BE416F6426544BCC00A68EE8 /* Products */;
			projectDirPath = "";
			projectRoot = "";
			targets = (
				BE416F6226544BCC00A68EE8 /* Eyes Wide Open */,
			);
		};
/* End PBXProject section */

/* Begin PBXResourcesBuildPhase section */
		BE416F6126544BCC00A68EE8 /* Resources */ = {
			isa = PBXResourcesBuildPhase;
			buildActionMask = 2147483647;
			files = (
				BE416F6926544BD000A68EE8 /* Assets.xcassets in Resources */,
				BE416F6C26544BD000A68EE8 /* MainMenu.xib in Resources */,
			);
			runOnlyForDeploymentPostprocessing = 0;
		};
/* End PBXResourcesBuildPhase section */

/* Begin PBXSourcesBuildPhase section */
		BE416F5F26544BCC00A68EE8 /* Sources */ = {
			isa = PBXSourcesBuildPhase;
			buildActionMask = 2147483647;
			files = (
				BE0BDFEF2655F91C008A5901 /* VideoFilters.swift in Sources */,
				BEF9D4FB26545C8B00C650BF /* CameraController.swift in Sources */,
				BE416F6726544BCC00A68EE8 /* AppDelegate.swift in Sources */,
			);
			runOnlyForDeploymentPostprocessing = 0;
		};
/* End PBXSourcesBuildPhase section */

/* Begin PBXVariantGroup section */
		BE416F6A26544BD000A68EE8 /* MainMenu.xib */ = {
			isa = PBXVariantGroup;
			children = (
				BE416F6B26544BD000A68EE8 /* Base */,
			);
			name = MainMenu.xib;
			sourceTree = "<group>";
		};
/* End PBXVariantGroup section */

/* Begin XCBuildConfiguration section */
		BE416F6F26544BD000A68EE8 /* Debug */ = {
			isa = XCBuildConfiguration;
			buildSettings = {
				ALWAYS_SEARCH_USER_PATHS = NO;
				CLANG_ANALYZER_NONNULL = YES;
				CLANG_ANALYZER_NUMBER_OBJECT_CONVERSION = YES_AGGRESSIVE;
				CLANG_CXX_LANGUAGE_STANDARD = "gnu++14";
				CLANG_CXX_LIBRARY = "libc++";
				CLANG_ENABLE_MODULES = YES;
				CLANG_ENABLE_OBJC_ARC = YES;
				CLANG_ENABLE_OBJC_WEAK = YES;
				CLANG_WARN_BLOCK_CAPTURE_AUTORELEASING = YES;
				CLANG_WARN_BOOL_CONVERSION = YES;
				CLANG_WARN_COMMA = YES;
				CLANG_WARN_CONSTANT_CONVERSION = YES;
				CLANG_WARN_DEPRECATED_OBJC_IMPLEMENTATIONS = YES;
				CLANG_WARN_DIRECT_OBJC_ISA_USAGE = YES_ERROR;
				CLANG_WARN_DOCUMENTATION_COMMENTS = YES;
				CLANG_WARN_EMPTY_BODY = YES;
				CLANG_WARN_ENUM_CONVERSION = YES;
				CLANG_WARN_INFINITE_RECURSION = YES;
				CLANG_WARN_INT_CONVERSION = YES;
				CLANG_WARN_NON_LITERAL_NULL_CONVERSION = YES;
				CLANG_WARN_OBJC_IMPLICIT_RETAIN_SELF = YES;
				CLANG_WARN_OBJC_LITERAL_CONVERSION = YES;
				CLANG_WARN_OBJC_ROOT_CLASS = YES_ERROR;
				CLANG_WARN_QUOTED_INCLUDE_IN_FRAMEWORK_HEADER = YES;
				CLANG_WARN_RANGE_LOOP_ANALYSIS = YES;
				CLANG_WARN_STRICT_PROTOTYPES = YES;
				CLANG_WARN_SUSPICIOUS_MOVE = YES;
				CLANG_WARN_UNGUARDED_AVAILABILITY = YES_AGGRESSIVE;
				CLANG_WARN_UNREACHABLE_CODE = YES;
				CLANG_WARN__DUPLICATE_METHOD_MATCH = YES;
				COPY_PHASE_STRIP = NO;
				DEBUG_INFORMATION_FORMAT = dwarf;
				ENABLE_STRICT_OBJC_MSGSEND = YES;
				ENABLE_TESTABILITY = YES;
				GCC_C_LANGUAGE_STANDARD = gnu11;
				GCC_DYNAMIC_NO_PIC = NO;
				GCC_NO_COMMON_BLOCKS = YES;
				GCC_OPTIMIZATION_LEVEL = 0;
				GCC_PREPROCESSOR_DEFINITIONS = (
					"DEBUG=1",
					"$(inherited)",
				);
				GCC_WARN_64_TO_32_BIT_CONVERSION = YES;
				GCC_WARN_ABOUT_RETURN_TYPE = YES_ERROR;
				GCC_WARN_UNDECLARED_SELECTOR = YES;
				GCC_WARN_UNINITIALIZED_AUTOS = YES_AGGRESSIVE;
				GCC_WARN_UNUSED_FUNCTION = YES;
				GCC_WARN_UNUSED_VARIABLE = YES;
				MACOSX_DEPLOYMENT_TARGET = 11.1;
				MTL_ENABLE_DEBUG_INFO = INCLUDE_SOURCE;
				MTL_FAST_MATH = YES;
				ONLY_ACTIVE_ARCH = YES;
				SDKROOT = macosx;
				SWIFT_ACTIVE_COMPILATION_CONDITIONS = DEBUG;
				SWIFT_OPTIMIZATION_LEVEL = "-Onone";
			};
			name = Debug;
		};
		BE416F7026544BD000A68EE8 /* Release */ = {
			isa = XCBuildConfiguration;
			buildSettings = {
				ALWAYS_SEARCH_USER_PATHS = NO;
				CLANG_ANALYZER_NONNULL = YES;
				CLANG_ANALYZER_NUMBER_OBJECT_CONVERSION = YES_AGGRESSIVE;
				CLANG_CXX_LANGUAGE_STANDARD = "gnu++14";
				CLANG_CXX_LIBRARY = "libc++";
				CLANG_ENABLE_MODULES = YES;
				CLANG_ENABLE_OBJC_ARC = YES;
				CLANG_ENABLE_OBJC_WEAK = YES;
				CLANG_WARN_BLOCK_CAPTURE_AUTORELEASING = YES;
				CLANG_WARN_BOOL_CONVERSION = YES;
				CLANG_WARN_COMMA = YES;
				CLANG_WARN_CONSTANT_CONVERSION = YES;
				CLANG_WARN_DEPRECATED_OBJC_IMPLEMENTATIONS = YES;
				CLANG_WARN_DIRECT_OBJC_ISA_USAGE = YES_ERROR;
				CLANG_WARN_DOCUMENTATION_COMMENTS = YES;
				CLANG_WARN_EMPTY_BODY = YES;
				CLANG_WARN_ENUM_CONVERSION = YES;
				CLANG_WARN_INFINITE_RECURSION = YES;
				CLANG_WARN_INT_CONVERSION = YES;
				CLANG_WARN_NON_LITERAL_NULL_CONVERSION = YES;
				CLANG_WARN_OBJC_IMPLICIT_RETAIN_SELF = YES;
				CLANG_WARN_OBJC_LITERAL_CONVERSION = YES;
				CLANG_WARN_OBJC_ROOT_CLASS = YES_ERROR;
				CLANG_WARN_QUOTED_INCLUDE_IN_FRAMEWORK_HEADER = YES;
				CLANG_WARN_RANGE_LOOP_ANALYSIS = YES;
				CLANG_WARN_STRICT_PROTOTYPES = YES;
				CLANG_WARN_SUSPICIOUS_MOVE = YES;
				CLANG_WARN_UNGUARDED_AVAILABILITY = YES_AGGRESSIVE;
				CLANG_WARN_UNREACHABLE_CODE = YES;
				CLANG_WARN__DUPLICATE_METHOD_MATCH = YES;
				COPY_PHASE_STRIP = NO;
				DEBUG_INFORMATION_FORMAT = "dwarf-with-dsym";
				ENABLE_NS_ASSERTIONS = NO;
				ENABLE_STRICT_OBJC_MSGSEND = YES;
				GCC_C_LANGUAGE_STANDARD = gnu11;
				GCC_NO_COMMON_BLOCKS = YES;
				GCC_WARN_64_TO_32_BIT_CONVERSION = YES;
				GCC_WARN_ABOUT_RETURN_TYPE = YES_ERROR;
				GCC_WARN_UNDECLARED_SELECTOR = YES;
				GCC_WARN_UNINITIALIZED_AUTOS = YES_AGGRESSIVE;
				GCC_WARN_UNUSED_FUNCTION = YES;
				GCC_WARN_UNUSED_VARIABLE = YES;
				MACOSX_DEPLOYMENT_TARGET = 11.1;
				MTL_ENABLE_DEBUG_INFO = NO;
				MTL_FAST_MATH = YES;
				SDKROOT = macosx;
				SWIFT_COMPILATION_MODE = wholemodule;
				SWIFT_OPTIMIZATION_LEVEL = "-O";
			};
			name = Release;
		};
		BE416F7226544BD000A68EE8 /* Debug */ = {
			isa = XCBuildConfiguration;
			buildSettings = {
				ASSETCATALOG_COMPILER_APPICON_NAME = AppIcon;
				ASSETCATALOG_COMPILER_GLOBAL_ACCENT_COLOR_NAME = AccentColor;
				CODE_SIGN_ALLOW_ENTITLEMENTS_MODIFICATION = YES;
				CODE_SIGN_ENTITLEMENTS = "Eyes Wide Open/Eyes_Wide_Open.entitlements";
				CODE_SIGN_STYLE = Automatic;
				COMBINE_HIDPI_IMAGES = YES;
				DEVELOPMENT_TEAM = H2D9SW3747;
				ENABLE_HARDENED_RUNTIME = YES;
				INFOPLIST_FILE = "Eyes Wide Open/Info.plist";
				LD_RUNPATH_SEARCH_PATHS = (
					"$(inherited)",
					"@executable_path/../Frameworks",
				);
				PRODUCT_BUNDLE_IDENTIFIER = "alejandrominaya.eyes-wide-open";
				PRODUCT_NAME = "$(TARGET_NAME)";
				SWIFT_VERSION = 5.0;
			};
			name = Debug;
		};
		BE416F7326544BD000A68EE8 /* Release */ = {
			isa = XCBuildConfiguration;
			buildSettings = {
				ASSETCATALOG_COMPILER_APPICON_NAME = AppIcon;
				ASSETCATALOG_COMPILER_GLOBAL_ACCENT_COLOR_NAME = AccentColor;
				CODE_SIGN_ALLOW_ENTITLEMENTS_MODIFICATION = YES;
				CODE_SIGN_ENTITLEMENTS = "Eyes Wide Open/Eyes_Wide_Open.entitlements";
				CODE_SIGN_STYLE = Automatic;
				COMBINE_HIDPI_IMAGES = YES;
				DEVELOPMENT_TEAM = H2D9SW3747;
				ENABLE_HARDENED_RUNTIME = YES;
				INFOPLIST_FILE = "Eyes Wide Open/Info.plist";
				LD_RUNPATH_SEARCH_PATHS = (
					"$(inherited)",
					"@executable_path/../Frameworks",
				);
				PRODUCT_BUNDLE_IDENTIFIER = "alejandrominaya.eyes-wide-open";
				PRODUCT_NAME = "$(TARGET_NAME)";
				SWIFT_VERSION = 5.0;
			};
			name = Release;
		};
/* End XCBuildConfiguration section */

/* Begin XCConfigurationList section */
		BE416F5E26544BCC00A68EE8 /* Build configuration list for PBXProject "Eyes Wide Open" */ = {
			isa = XCConfigurationList;
			buildConfigurations = (
				BE416F6F26544BD000A68EE8 /* Debug */,
				BE416F7026544BD000A68EE8 /* Release */,
			);
			defaultConfigurationIsVisible = 0;
			defaultConfigurationName = Release;
		};
		BE416F7126544BD000A68EE8 /* Build configuration list for PBXNativeTarget "Eyes Wide Open" */ = {
			isa = XCConfigurationList;
			buildConfigurations = (
				BE416F7226544BD000A68EE8 /* Debug */,
				BE416F7326544BD000A68EE8 /* Release */,
			);
			defaultConfigurationIsVisible = 0;
			defaultConfigurationName = Release;
		};
/* End XCConfigurationList section */
	};
	rootObject = BE416F5B26544BCC00A68EE8 /* Project object */;
}
